// !$*UTF8*$!
{
	archiveVersion = 1;
	classes = {
	};
	objectVersion = 46;
	objects = {

/* Begin PBXBuildFile section */
		47DF55CA1F6BF8F10023707A /* main.cpp in Sources */ = {isa = PBXBuildFile; fileRef = 47DF55C91F6BF8F10023707A /* main.cpp */; };
/* End PBXBuildFile section */

/* Begin PBXCopyFilesBuildPhase section */
		47DF55C41F6BF8F10023707A /* CopyFiles */ = {
			isa = PBXCopyFilesBuildPhase;
			buildActionMask = 2147483647;
			dstPath = /usr/share/man/man1/;
			dstSubfolderSpec = 0;
			files = (
			);
			runOnlyForDeploymentPostprocessing = 1;
		};
/* End PBXCopyFilesBuildPhase section */

/* Begin PBXFileReference section */
		47DF55C61F6BF8F10023707A /* POJ1015 */ = {isa = PBXFileReference; explicitFileType = "compiled.mach-o.executable"; includeInIndex = 0; path = POJ1015; sourceTree = BUILT_PRODUCTS_DIR; };
		47DF55C91F6BF8F10023707A /* main.cpp */ = {isa = PBXFileReference; lastKnownFileType = sourcecode.cpp.cpp; path = main.cpp; sourceTree = "<group>"; };
/* End PBXFileReference section */

/* Begin PBXFrameworksBuildPhase section */
		47DF55C31F6BF8F10023707A /* Frameworks */ = {
			isa = PBXFrameworksBuildPhase;
			buildActionMask = 2147483647;
			files = (
			);
			runOnlyForDeploymentPostprocessing = 0;
		};
/* End PBXFrameworksBuildPhase section */

/* Begin PBXGroup section */
		47DF55BD1F6BF8F10023707A = {
			isa = PBXGroup;
			children = (
				47DF55C81F6BF8F10023707A /* POJ1015 */,
				47DF55C71F6BF8F10023707A /* Products */,
			);
			sourceTree = "<group>";
		};
		47DF55C71F6BF8F10023707A /* Products */ = {
			isa = PBXGroup;
			children = (
				47DF55C61F6BF8F10023707A /* POJ1015 */,
			);
			name = Products;
			sourceTree = "<group>";
		};
		47DF55C81F6BF8F10023707A /* POJ1015 */ = {
			isa = PBXGroup;
			children = (
				47DF55C91F6BF8F10023707A /* main.cpp */,
			);
			path = POJ1015;
			sourceTree = "<group>";
		};
/* End PBXGroup section */

/* Begin PBXNativeTarget section */
		47DF55C51F6BF8F10023707A /* POJ1015 */ = {
			isa = PBXNativeTarget;
			buildConfigurationList = 47DF55CD1F6BF8F10023707A /* Build configuration list for PBXNativeTarget "POJ1015" */;
			buildPhases = (
				47DF55C21F6BF8F10023707A /* Sources */,
				47DF55C31F6BF8F10023707A /* Frameworks */,
				47DF55C41F6BF8F10023707A /* CopyFiles */,
			);
			buildRules = (
			);
			dependencies = (
			);
			name = POJ1015;
			productName = POJ1015;
			productReference = 47DF55C61F6BF8F10023707A /* POJ1015 */;
			productType = "com.apple.product-type.tool";
		};
/* End PBXNativeTarget section */

/* Begin PBXProject section */
		47DF55BE1F6BF8F10023707A /* Project object */ = {
			isa = PBXProject;
			attributes = {
				LastUpgradeCheck = 0710;
				ORGANIZATIONNAME = "Kenny ZhanNANJING UNIV OF SCI & TECH";
				TargetAttributes = {
					47DF55C51F6BF8F10023707A = {
						CreatedOnToolsVersion = 7.1;
					};
				};
			};
			buildConfigurationList = 47DF55C11F6BF8F10023707A /* Build configuration list for PBXProject "POJ1015" */;
			compatibilityVersion = "Xcode 3.2";
			developmentRegion = English;
			hasScannedForEncodings = 0;
			knownRegions = (
				en,
			);
			mainGroup = 47DF55BD1F6BF8F10023707A;
			productRefGroup = 47DF55C71F6BF8F10023707A /* Products */;
			projectDirPath = "";
			projectRoot = "";
			targets = (
				47DF55C51F6BF8F10023707A /* POJ1015 */,
			);
		};
/* End PBXProject section */

/* Begin PBXSourcesBuildPhase section */
		47DF55C21F6BF8F10023707A /* Sources */ = {
			isa = PBXSourcesBuildPhase;
			buildActionMask = 2147483647;
			files = (
				47DF55CA1F6BF8F10023707A /* main.cpp in Sources */,
			);
			runOnlyForDeploymentPostprocessing = 0;
		};
/* End PBXSourcesBuildPhase section */

/* Begin XCBuildConfiguration section */
		47DF55CB1F6BF8F10023707A /* Debug */ = {
			isa = XCBuildConfiguration;
			buildSettings = {
				ALWAYS_SEARCH_USER_PATHS = NO;
				CLANG_CXX_LANGUAGE_STANDARD = "gnu++0x";
				CLANG_CXX_LIBRARY = "libc++";
				CLANG_ENABLE_MODULES = YES;
				CLANG_ENABLE_OBJC_ARC = YES;
				CLANG_WARN_BOOL_CONVERSION = YES;
				CLANG_WARN_CONSTANT_CONVERSION = YES;
				CLANG_WARN_DIRECT_OBJC_ISA_USAGE = YES_ERROR;
				CLANG_WARN_EMPTY_BODY = YES;
				CLANG_WARN_ENUM_CONVERSION = YES;
				CLANG_WARN_INT_CONVERSION = YES;
				CLANG_WARN_OBJC_ROOT_CLASS = YES_ERROR;
				CLANG_WARN_UNREACHABLE_CODE = YES;
				CLANG_WARN__DUPLICATE_METHOD_MATCH = YES;
				CODE_SIGN_IDENTITY = "-";
				COPY_PHASE_STRIP = NO;
				DEBUG_INFORMATION_FORMAT = dwarf;
				ENABLE_STRICT_OBJC_MSGSEND = YES;
				ENABLE_TESTABILITY = YES;
				GCC_C_LANGUAGE_STANDARD = gnu99;
				GCC_DYNAMIC_NO_PIC = NO;
				GCC_NO_COMMON_BLOCKS = YES;
				GCC_OPTIMIZATION_LEVEL = 0;
				GCC_PREPROCESSOR_DEFINITIONS = (
					"DEBUG=1",
					"$(inherited)",
				);
				GCC_WARN_64_TO_32_BIT_CONVERSION = YES;
				GCC_WARN_ABOUT_RETURN_TYPE = YES_ERROR;
				GCC_WARN_UNDECLARED_SELECTOR = YES;
				GCC_WARN_UNINITIALIZED_AUTOS = YES_AGGRESSIVE;
				GCC_WARN_UNUSED_FUNCTION = YES;
				GCC_WARN_UNUSED_VARIABLE = YES;
				MACOSX_DEPLOYMENT_TARGET = 10.12;
				MTL_ENABLE_DEBUG_INFO = YES;
				ONLY_ACTIVE_ARCH = YES;
				SDKROOT = macosx;
			};
			name = Debug;
		};
		47DF55CC1F6BF8F10023707A /* Release */ = {
			isa = XCBuildConfiguration;
			buildSettings = {
				ALWAYS_SEARCH_USER_PATHS = NO;
				CLANG_CXX_LANGUAGE_STANDARD = "gnu++0x";
				CLANG_CXX_LIBRARY = "libc++";
				CLANG_ENABLE_MODULES = YES;
				CLANG_ENABLE_OBJC_ARC = YES;
				CLANG_WARN_BOOL_CONVERSION = YES;
				CLANG_WARN_CONSTANT_CONVERSION = YES;
				CLANG_WARN_DIRECT_OBJC_ISA_USAGE = YES_ERROR;
				CLANG_WARN_EMPTY_BODY = YES;
				CLANG_WARN_ENUM_CONVERSION = YES;
				CLANG_WARN_INT_CONVERSION = YES;
				CLANG_WARN_OBJC_ROOT_CLASS = YES_ERROR;
				CLANG_WARN_UNREACHABLE_CODE = YES;
				CLANG_WARN__DUPLICATE_METHOD_MATCH = YES;
				CODE_SIGN_IDENTITY = "-";
				COPY_PHASE_STRIP = NO;
				DEBUG_INFORMATION_FORMAT = "dwarf-with-dsym";
				ENABLE_NS_ASSERTIONS = NO;
				ENABLE_STRICT_OBJC_MSGSEND = YES;
				GCC_C_LANGUAGE_STANDARD = gnu99;
				GCC_NO_COMMON_BLOCKS = YES;
				GCC_WARN_64_TO_32_BIT_CONVERSION = YES;
				GCC_WARN_ABOUT_RETURN_TYPE = YES_ERROR;
				GCC_WARN_UNDECLARED_SELECTOR = YES;
				GCC_WARN_UNINITIALIZED_AUTOS = YES_AGGRESSIVE;
				GCC_WARN_UNUSED_FUNCTION = YES;
				GCC_WARN_UNUSED_VARIABLE = YES;
				MACOSX_DEPLOYMENT_TARGET = 10.12;
				MTL_ENABLE_DEBUG_INFO = NO;
				SDKROOT = macosx;
			};
			name = Release;
		};
		47DF55CE1F6BF8F10023707A /* Debug */ = {
			isa = XCBuildConfiguration;
			buildSettings = {
				PRODUCT_NAME = "$(TARGET_NAME)";
			};
			name = Debug;
		};
		47DF55CF1F6BF8F10023707A /* Release */ = {
			isa = XCBuildConfiguration;
			buildSettings = {
				PRODUCT_NAME = "$(TARGET_NAME)";
			};
			name = Release;
		};
/* End XCBuildConfiguration section */

/* Begin XCConfigurationList section */
		47DF55C11F6BF8F10023707A /* Build configuration list for PBXProject "POJ1015" */ = {
			isa = XCConfigurationList;
			buildConfigurations = (
				47DF55CB1F6BF8F10023707A /* Debug */,
				47DF55CC1F6BF8F10023707A /* Release */,
			);
			defaultConfigurationIsVisible = 0;
			defaultConfigurationName = Release;
		};
		47DF55CD1F6BF8F10023707A /* Build configuration list for PBXNativeTarget "POJ1015" */ = {
			isa = XCConfigurationList;
			buildConfigurations = (
				47DF55CE1F6BF8F10023707A /* Debug */,
				47DF55CF1F6BF8F10023707A /* Release */,
			);
			defaultConfigurationIsVisible = 0;
		};
/* End XCConfigurationList section */
	};
	rootObject = 47DF55BE1F6BF8F10023707A /* Project object */;
}
